
Microsoft Visual Studio Solution File, Format Version 12.00
# Visual Studio Version 17
VisualStudioVersion = 17.3.32929.385
MinimumVisualStudioVersion = 10.0.40219.1
Project("{9A19103F-16F7-4668-BE54-9A1E7A4F7556}") = "tskobic_zadaca_3", "tskobic_zadaca_3\tskobic_zadaca_3.csproj", "{1C234F98-1F5A-41DC-8FA7-3F270CDAD81B}"
EndProject
Global
	GlobalSection(SolutionConfigurationPlatforms) = preSolution
		Debug|Any CPU = Debug|Any CPU
		Release|Any CPU = Release|Any CPU
	EndGlobalSection
	GlobalSection(ProjectConfigurationPlatforms) = postSolution
		{1C234F98-1F5A-41DC-8FA7-3F270CDAD81B}.Debug|Any CPU.ActiveCfg = Debug|Any CPU
		{1C234F98-1F5A-41DC-8FA7-3F270CDAD81B}.Debug|Any CPU.Build.0 = Debug|Any CPU
		{1C234F98-1F5A-41DC-8FA7-3F270CDAD81B}.Release|Any CPU.ActiveCfg = Release|Any CPU
		{1C234F98-1F5A-41DC-8FA7-3F270CDAD81B}.Release|Any CPU.Build.0 = Release|Any CPU
	EndGlobalSection
	GlobalSection(SolutionProperties) = preSolution
		HideSolutionNode = FALSE
	EndGlobalSection
	GlobalSection(ExtensibilityGlobals) = postSolution
		SolutionGuid = {59612BAE-5773-40B2-924C-402F3BA217A1}
	EndGlobalSection
EndGlobal
